
Microsoft Visual Studio Solution File, Format Version 12.00
# Visual Studio Version 17
VisualStudioVersion = 17.3.32922.545
MinimumVisualStudioVersion = 10.0.40219.1
Project("{2150E333-8FDC-42A3-9474-1A3956D46DE8}") = "src", "src", "{C9E4C47F-7E9D-46F5-9B98-9BDF5B831C9A}"
	ProjectSection(SolutionItems) = preProject
		src\Directory.Build.props = src\Directory.Build.props
	EndProjectSection
EndProject
Project("{9A19103F-16F7-4668-BE54-9A1E7A4F7556}") = "Tingle.PeriodicTasks", "src\Tingle.PeriodicTasks\Tingle.PeriodicTasks.csproj", "{1ABC0820-6CAD-4BEB-836A-512861C25ED6}"
EndProject
Project("{9A19103F-16F7-4668-BE54-9A1E7A4F7556}") = "Tingle.PeriodicTasks.AspNetCore", "src\Tingle.PeriodicTasks.AspNetCore\Tingle.PeriodicTasks.AspNetCore.csproj", "{CBADA999-E109-4357-A2C3-CEF4197D0300}"
EndProject
Project("{2150E333-8FDC-42A3-9474-1A3956D46DE8}") = "tests", "tests", "{6330BC0A-64CB-46E9-AB48-81F62CF401BF}"
	ProjectSection(SolutionItems) = preProject
		tests\Directory.Build.props = tests\Directory.Build.props
	EndProjectSection
EndProject
Project("{9A19103F-16F7-4668-BE54-9A1E7A4F7556}") = "Tingle.PeriodicTasks.Tests", "tests\Tingle.PeriodicTasks.Tests\Tingle.PeriodicTasks.Tests.csproj", "{197AB8C9-E0D0-4646-892B-6B0E45DCC3C7}"
EndProject
Project("{9A19103F-16F7-4668-BE54-9A1E7A4F7556}") = "Tingle.PeriodicTasks.AspNetCore.Tests", "tests\Tingle.PeriodicTasks.AspNetCore.Tests\Tingle.PeriodicTasks.AspNetCore.Tests.csproj", "{838F9F49-C387-430C-9738-1B3A3176F88D}"
EndProject
Project("{2150E333-8FDC-42A3-9474-1A3956D46DE8}") = "samples", "samples", "{0ADC51A4-CD37-4D45-8F91-AA493AE00197}"
	ProjectSection(SolutionItems) = preProject
		samples\Directory.Build.props = samples\Directory.Build.props
	EndProjectSection
EndProject
Project("{9A19103F-16F7-4668-BE54-9A1E7A4F7556}") = "AspNetCoreSample", "samples\AspNetCoreSample\AspNetCoreSample.csproj", "{144BA4AB-A406-4514-8305-D61F96684E0B}"
EndProject
Project("{9A19103F-16F7-4668-BE54-9A1E7A4F7556}") = "SimpleSample", "samples\SimpleSample\SimpleSample.csproj", "{4EBCCAB0-E459-4771-8510-CE1A5839BC54}"
EndProject
Global
	GlobalSection(SolutionConfigurationPlatforms) = preSolution
		Debug|Any CPU = Debug|Any CPU
		Release|Any CPU = Release|Any CPU
	EndGlobalSection
	GlobalSection(ProjectConfigurationPlatforms) = postSolution
		{1ABC0820-6CAD-4BEB-836A-512861C25ED6}.Debug|Any CPU.ActiveCfg = Debug|Any CPU
		{1ABC0820-6CAD-4BEB-836A-512861C25ED6}.Debug|Any CPU.Build.0 = Debug|Any CPU
		{1ABC0820-6CAD-4BEB-836A-512861C25ED6}.Release|Any CPU.ActiveCfg = Release|Any CPU
		{1ABC0820-6CAD-4BEB-836A-512861C25ED6}.Release|Any CPU.Build.0 = Release|Any CPU
		{CBADA999-E109-4357-A2C3-CEF4197D0300}.Debug|Any CPU.ActiveCfg = Debug|Any CPU
		{CBADA999-E109-4357-A2C3-CEF4197D0300}.Debug|Any CPU.Build.0 = Debug|Any CPU
		{CBADA999-E109-4357-A2C3-CEF4197D0300}.Release|Any CPU.ActiveCfg = Release|Any CPU
		{CBADA999-E109-4357-A2C3-CEF4197D0300}.Release|Any CPU.Build.0 = Release|Any CPU
		{197AB8C9-E0D0-4646-892B-6B0E45DCC3C7}.Debug|Any CPU.ActiveCfg = Debug|Any CPU
		{197AB8C9-E0D0-4646-892B-6B0E45DCC3C7}.Debug|Any CPU.Build.0 = Debug|Any CPU
		{197AB8C9-E0D0-4646-892B-6B0E45DCC3C7}.Release|Any CPU.ActiveCfg = Release|Any CPU
		{197AB8C9-E0D0-4646-892B-6B0E45DCC3C7}.Release|Any CPU.Build.0 = Release|Any CPU
		{838F9F49-C387-430C-9738-1B3A3176F88D}.Debug|Any CPU.ActiveCfg = Debug|Any CPU
		{838F9F49-C387-430C-9738-1B3A3176F88D}.Debug|Any CPU.Build.0 = Debug|Any CPU
		{838F9F49-C387-430C-9738-1B3A3176F88D}.Release|Any CPU.ActiveCfg = Release|Any CPU
		{838F9F49-C387-430C-9738-1B3A3176F88D}.Release|Any CPU.Build.0 = Release|Any CPU
		{144BA4AB-A406-4514-8305-D61F96684E0B}.Debug|Any CPU.ActiveCfg = Debug|Any CPU
		{144BA4AB-A406-4514-8305-D61F96684E0B}.Debug|Any CPU.Build.0 = Debug|Any CPU
		{144BA4AB-A406-4514-8305-D61F96684E0B}.Release|Any CPU.ActiveCfg = Release|Any CPU
		{144BA4AB-A406-4514-8305-D61F96684E0B}.Release|Any CPU.Build.0 = Release|Any CPU
		{4EBCCAB0-E459-4771-8510-CE1A5839BC54}.Debug|Any CPU.ActiveCfg = Debug|Any CPU
		{4EBCCAB0-E459-4771-8510-CE1A5839BC54}.Debug|Any CPU.Build.0 = Debug|Any CPU
		{4EBCCAB0-E459-4771-8510-CE1A5839BC54}.Release|Any CPU.ActiveCfg = Release|Any CPU
		{4EBCCAB0-E459-4771-8510-CE1A5839BC54}.Release|Any CPU.Build.0 = Release|Any CPU
	EndGlobalSection
	GlobalSection(SolutionProperties) = preSolution
		HideSolutionNode = FALSE
	EndGlobalSection
	GlobalSection(NestedProjects) = preSolution
		{1ABC0820-6CAD-4BEB-836A-512861C25ED6} = {C9E4C47F-7E9D-46F5-9B98-9BDF5B831C9A}
		{CBADA999-E109-4357-A2C3-CEF4197D0300} = {C9E4C47F-7E9D-46F5-9B98-9BDF5B831C9A}
		{197AB8C9-E0D0-4646-892B-6B0E45DCC3C7} = {6330BC0A-64CB-46E9-AB48-81F62CF401BF}
		{838F9F49-C387-430C-9738-1B3A3176F88D} = {6330BC0A-64CB-46E9-AB48-81F62CF401BF}
		{144BA4AB-A406-4514-8305-D61F96684E0B} = {0ADC51A4-CD37-4D45-8F91-AA493AE00197}
		{4EBCCAB0-E459-4771-8510-CE1A5839BC54} = {0ADC51A4-CD37-4D45-8F91-AA493AE00197}
	EndGlobalSection
	GlobalSection(ExtensibilityGlobals) = postSolution
		SolutionGuid = {0429DC38-945E-4301-A277-FCA3B4432BE1}
	EndGlobalSection
EndGlobal
